
Microsoft Visual Studio Solution File, Format Version 12.00
# Visual Studio Version 17
VisualStudioVersion = 17.5.33502.453
MinimumVisualStudioVersion = 10.0.40219.1
Project("{9A19103F-16F7-4668-BE54-9A1E7A4F7556}") = "LibraryUIL", "LibraryUIL.csproj", "{7EA4F599-E3A7-460F-828A-AC8388FF8B40}"
EndProject
Project("{9A19103F-16F7-4668-BE54-9A1E7A4F7556}") = "LibraryDataStructure", "..\Library\LibraryDataStructure.csproj", "{F14D1BB0-1716-4E91-B9C3-CAE9D577D764}"
EndProject
Project("{9A19103F-16F7-4668-BE54-9A1E7A4F7556}") = "LibraryBLL", "..\LibraryBLL\LibraryBLL.csproj", "{E249CA19-0FCA-49DA-83D3-B18E29321E06}"
EndProject
Project("{9A19103F-16F7-4668-BE54-9A1E7A4F7556}") = "LibraryDAL", "..\LibraryDAL\LibraryDAL.csproj", "{EB6B1F96-5AB6-42C2-9E58-E0529D57F49F}"
EndProject
Global
	GlobalSection(SolutionConfigurationPlatforms) = preSolution
		Debug|Any CPU = Debug|Any CPU
		Release|Any CPU = Release|Any CPU
	EndGlobalSection
	GlobalSection(ProjectConfigurationPlatforms) = postSolution
		{7EA4F599-E3A7-460F-828A-AC8388FF8B40}.Debug|Any CPU.ActiveCfg = Debug|Any CPU
		{7EA4F599-E3A7-460F-828A-AC8388FF8B40}.Debug|Any CPU.Build.0 = Debug|Any CPU
		{7EA4F599-E3A7-460F-828A-AC8388FF8B40}.Release|Any CPU.ActiveCfg = Release|Any CPU
		{7EA4F599-E3A7-460F-828A-AC8388FF8B40}.Release|Any CPU.Build.0 = Release|Any CPU
		{F14D1BB0-1716-4E91-B9C3-CAE9D577D764}.Debug|Any CPU.ActiveCfg = Debug|Any CPU
		{F14D1BB0-1716-4E91-B9C3-CAE9D577D764}.Debug|Any CPU.Build.0 = Debug|Any CPU
		{F14D1BB0-1716-4E91-B9C3-CAE9D577D764}.Release|Any CPU.ActiveCfg = Release|Any CPU
		{F14D1BB0-1716-4E91-B9C3-CAE9D577D764}.Release|Any CPU.Build.0 = Release|Any CPU
		{E249CA19-0FCA-49DA-83D3-B18E29321E06}.Debug|Any CPU.ActiveCfg = Debug|Any CPU
		{E249CA19-0FCA-49DA-83D3-B18E29321E06}.Debug|Any CPU.Build.0 = Debug|Any CPU
		{E249CA19-0FCA-49DA-83D3-B18E29321E06}.Release|Any CPU.ActiveCfg = Release|Any CPU
		{E249CA19-0FCA-49DA-83D3-B18E29321E06}.Release|Any CPU.Build.0 = Release|Any CPU
		{EB6B1F96-5AB6-42C2-9E58-E0529D57F49F}.Debug|Any CPU.ActiveCfg = Debug|Any CPU
		{EB6B1F96-5AB6-42C2-9E58-E0529D57F49F}.Debug|Any CPU.Build.0 = Debug|Any CPU
		{EB6B1F96-5AB6-42C2-9E58-E0529D57F49F}.Release|Any CPU.ActiveCfg = Release|Any CPU
		{EB6B1F96-5AB6-42C2-9E58-E0529D57F49F}.Release|Any CPU.Build.0 = Release|Any CPU
	EndGlobalSection
	GlobalSection(SolutionProperties) = preSolution
		HideSolutionNode = FALSE
	EndGlobalSection
	GlobalSection(ExtensibilityGlobals) = postSolution
		SolutionGuid = {4D989147-B9DB-4D36-9D3C-6E3C2DB4C6C2}
	EndGlobalSection
EndGlobal
